<?xml version="1.0" encoding="utf-8"?>
<Project ToolsVersion="4.0" xmlns="http://schemas.microsoft.com/developer/msbuild/2003">
  <ItemGroup>
    <ClCompile Include="..\..\sources\libY\main.c" />
    <ClCompile Include="..\..\sources\libY\Ybuffer_queue.c" />
    <ClCompile Include="..\..\sources\libY\Yfile.c" />
    <ClCompile Include="..\..\sources\libY\Ylist.c" />
    <ClCompile Include="..\..\sources\libY\Ymap.c" />
    <ClCompile Include="..\..\sources\libY\Ypool.c" />
    <ClCompile Include="..\..\sources\libY\Yqueue.c" />
    <ClCompile Include="..\..\sources\libY\Ystring.c" />
    <ClCompile Include="..\..\sources\libY\Ythread.c" />
    <ClCompile Include="..\..\sources\libY\Ytree.c" />
    <ClCompile Include="..\..\sources\libY\Ylog\Yappender_conosle.c">
      <Filter>Ylog</Filter>
    </ClCompile>
    <ClCompile Include="..\..\sources\libY\Ylog\Yappender_file.c">
      <Filter>Ylog</Filter>
    </ClCompile>
    <ClCompile Include="..\..\sources\libY\Ylog\Ylog.c">
      <Filter>Ylog</Filter>
    </ClCompile>
    <ClCompile Include="..\..\external\cJSON\cJSON.c">
      <Filter>external</Filter>
    </ClCompile>
  </ItemGroup>
  <ItemGroup>
    <ClInclude Include="..\..\sources\libY\libY.h" />
    <ClInclude Include="..\..\sources\libY\Ylog\Yappender.h">
      <Filter>Ylog</Filter>
    </ClInclude>
    <ClInclude Include="..\..\external\cJSON\cJSON.h">
      <Filter>external</Filter>
    </ClInclude>
  </ItemGroup>
  <ItemGroup>
    <Filter Include="Ylog">
      <UniqueIdentifier>{a4e0e3bb-eeb4-4a66-8752-3d9dd07f86dd}</UniqueIdentifier>
    </Filter>
    <Filter Include="external">
      <UniqueIdentifier>{7dd504af-6e82-4afb-bced-f346a5df290e}</UniqueIdentifier>
    </Filter>
  </ItemGroup>
  <ItemGroup>
    <None Include="..\..\sources\libY\Ylog\Ylog.json">
      <Filter>Ylog</Filter>
    </None>
  </ItemGroup>
</Project>