
Microsoft Visual Studio Solution File, Format Version 12.00
# Visual Studio Version 16
VisualStudioVersion = 16.0.30413.136
MinimumVisualStudioVersion = 10.0.40219.1
Project("{FAE04EC0-301F-11D3-BF4B-00C04F79EFBC}") = "AthenaClient", "AthenaClient\AthenaClient.csproj", "{A2F1827F-EC6F-48D6-ADB3-E8AF4AE04C34}"
EndProject
Project("{FAE04EC0-301F-11D3-BF4B-00C04F79EFBC}") = "AthenaBase", "AthenaBase\AthenaBase.csproj", "{830C6092-4AA2-4B6F-863F-9A68F5E8404F}"
EndProject
Global
	GlobalSection(SolutionConfigurationPlatforms) = preSolution
		Debug|Any CPU = Debug|Any CPU
		Release|Any CPU = Release|Any CPU
	EndGlobalSection
	GlobalSection(ProjectConfigurationPlatforms) = postSolution
		{A2F1827F-EC6F-48D6-ADB3-E8AF4AE04C34}.Debug|Any CPU.ActiveCfg = Debug|Any CPU
		{A2F1827F-EC6F-48D6-ADB3-E8AF4AE04C34}.Debug|Any CPU.Build.0 = Debug|Any CPU
		{A2F1827F-EC6F-48D6-ADB3-E8AF4AE04C34}.Release|Any CPU.ActiveCfg = Release|Any CPU
		{A2F1827F-EC6F-48D6-ADB3-E8AF4AE04C34}.Release|Any CPU.Build.0 = Release|Any CPU
		{830C6092-4AA2-4B6F-863F-9A68F5E8404F}.Debug|Any CPU.ActiveCfg = Debug|Any CPU
		{830C6092-4AA2-4B6F-863F-9A68F5E8404F}.Debug|Any CPU.Build.0 = Debug|Any CPU
		{830C6092-4AA2-4B6F-863F-9A68F5E8404F}.Release|Any CPU.ActiveCfg = Release|Any CPU
		{830C6092-4AA2-4B6F-863F-9A68F5E8404F}.Release|Any CPU.Build.0 = Release|Any CPU
	EndGlobalSection
	GlobalSection(SolutionProperties) = preSolution
		HideSolutionNode = FALSE
	EndGlobalSection
	GlobalSection(ExtensibilityGlobals) = postSolution
		SolutionGuid = {57E1E307-A945-4E99-83BA-52A3CA3A9C48}
	EndGlobalSection
EndGlobal
